# This file is automatically @generated by Cargo.
# It is not intended for manual editing.
[[package]]
name = "addr2line"
version = "0.12.1"
source = "registry+https://github.com/rust-lang/crates.io-index"
checksum = "a49806b9dadc843c61e7c97e72490ad7f7220ae249012fbda9ad0609457c0543"
dependencies = [
 "gimli",
]

[[package]]
name = "adler32"
version = "1.1.0"
source = "registry+https://github.com/rust-lang/crates.io-index"
checksum = "567b077b825e468cc974f0020d4082ee6e03132512f207ef1a02fd5d00d1f32d"

[[package]]
name = "ansi_term"
version = "0.11.0"
source = "registry+https://github.com/rust-lang/crates.io-index"
checksum = "ee49baf6cb617b853aa8d93bf420db2383fab46d314482ca2803b40d5fde979b"
dependencies = [
 "winapi",
]

[[package]]
name = "array-init"
version = "0.1.1"
source = "registry+https://github.com/rust-lang/crates.io-index"
checksum = "f30bbe2f5e3d117f55bd8c7a1f9191e4a5deba9f15f595bbea4f670c59c765db"

[[package]]
name = "arrayvec"
version = "0.4.12"
source = "registry+https://github.com/rust-lang/crates.io-index"
checksum = "cd9fd44efafa8690358b7408d253adf110036b88f55672a933f01d616ad9b1b9"
dependencies = [
 "nodrop",
]

[[package]]
name = "atty"
version = "0.2.14"
source = "registry+https://github.com/rust-lang/crates.io-index"
checksum = "d9b39be18770d11421cdb1b9947a45dd3f37e93092cbf377614828a319d5fee8"
dependencies = [
 "hermit-abi",
 "libc",
 "winapi",
]

[[package]]
name = "autocfg"
version = "1.0.0"
source = "registry+https://github.com/rust-lang/crates.io-index"
checksum = "f8aac770f1885fd7e387acedd76065302551364496e46b3dd00860b2f8359b9d"

[[package]]
name = "backtrace"
version = "0.3.49"
source = "registry+https://github.com/rust-lang/crates.io-index"
checksum = "05100821de9e028f12ae3d189176b41ee198341eb8f369956407fea2f5cc666c"
dependencies = [
 "addr2line",
 "cfg-if 0.1.10",
 "libc",
 "miniz_oxide",
 "object",
 "rustc-demangle",
]

[[package]]
name = "bincode"
version = "1.2.1"
source = "registry+https://github.com/rust-lang/crates.io-index"
checksum = "5753e2a71534719bf3f4e57006c3a4f0d2c672a4b676eec84161f763eca87dbf"
dependencies = [
 "byteorder",
 "serde",
]

[[package]]
name = "bitflags"
version = "1.2.1"
source = "registry+https://github.com/rust-lang/crates.io-index"
checksum = "cf1de2fe8c75bc145a2f577add951f8134889b4795d47466a54a5c846d691693"

[[package]]
name = "byteorder"
version = "1.3.2"
source = "registry+https://github.com/rust-lang/crates.io-index"
checksum = "a7c3dd8985a7111efc5c80b44e23ecdd8c007de8ade3b96595387e812b957cf5"

[[package]]
name = "cfg-if"
version = "0.1.10"
source = "registry+https://github.com/rust-lang/crates.io-index"
checksum = "4785bdd1c96b2a846b2bd7cc02e86b6b3dbf14e7e53446c4f54c92a361040822"

[[package]]
name = "cfg-if"
version = "1.0.0"
source = "registry+https://github.com/rust-lang/crates.io-index"
checksum = "baf1de4339761588bc0619e3cbc0120ee582ebb74b53b4efbf79117bd2da40fd"

[[package]]
name = "clap"
version = "2.33.3"
source = "registry+https://github.com/rust-lang/crates.io-index"
checksum = "37e58ac78573c40708d45522f0d80fa2f01cc4f9b4e2bf749807255454312002"
dependencies = [
 "ansi_term",
 "atty",
 "bitflags",
 "strsim",
 "textwrap",
 "unicode-width",
 "vec_map",
]

[[package]]
name = "cloudabi"
version = "0.0.3"
source = "registry+https://github.com/rust-lang/crates.io-index"
checksum = "ddfc5b9aa5d4507acaf872de71051dfd0e309860e88966e1051e462a077aac4f"
dependencies = [
 "bitflags",
]

[[package]]
name = "cloudabi"
version = "0.1.0"
source = "registry+https://github.com/rust-lang/crates.io-index"
checksum = "4344512281c643ae7638bbabc3af17a11307803ec8f0fcad9fae512a8bf36467"
dependencies = [
 "bitflags",
]

[[package]]
name = "crc32fast"
version = "1.2.1"
source = "registry+https://github.com/rust-lang/crates.io-index"
checksum = "81156fece84ab6a9f2afdb109ce3ae577e42b1228441eded99bd77f627953b1a"
dependencies = [
 "cfg-if 1.0.0",
]

[[package]]
name = "crossbeam-channel"
version = "0.3.9"
source = "registry+https://github.com/rust-lang/crates.io-index"
checksum = "c8ec7fcd21571dc78f96cc96243cab8d8f035247c3efd16c687be154c3fa9efa"
dependencies = [
 "crossbeam-utils 0.6.6",
]

[[package]]
name = "crossbeam-deque"
version = "0.7.2"
source = "registry+https://github.com/rust-lang/crates.io-index"
checksum = "c3aa945d63861bfe624b55d153a39684da1e8c0bc8fba932f7ee3a3c16cea3ca"
dependencies = [
 "crossbeam-epoch 0.8.2",
 "crossbeam-utils 0.7.2",
]

[[package]]
name = "crossbeam-epoch"
version = "0.7.2"
source = "registry+https://github.com/rust-lang/crates.io-index"
checksum = "fedcd6772e37f3da2a9af9bf12ebe046c0dfe657992377b4df982a2b54cd37a9"
dependencies = [
 "arrayvec",
 "cfg-if 0.1.10",
 "crossbeam-utils 0.6.6",
 "lazy_static",
 "memoffset",
 "scopeguard",
]

[[package]]
name = "crossbeam-epoch"
version = "0.8.2"
source = "registry+https://github.com/rust-lang/crates.io-index"
checksum = "058ed274caafc1f60c4997b5fc07bf7dc7cca454af7c6e81edffe5f33f70dace"
dependencies = [
 "autocfg",
 "cfg-if 0.1.10",
 "crossbeam-utils 0.7.2",
 "lazy_static",
 "maybe-uninit",
 "memoffset",
 "scopeguard",
]

[[package]]
name = "crossbeam-queue"
version = "0.2.1"
source = "registry+https://github.com/rust-lang/crates.io-index"
checksum = "c695eeca1e7173472a32221542ae469b3e9aac3a4fc81f7696bcad82029493db"
dependencies = [
 "cfg-if 0.1.10",
 "crossbeam-utils 0.7.2",
]

[[package]]
name = "crossbeam-utils"
version = "0.6.6"
source = "registry+https://github.com/rust-lang/crates.io-index"
checksum = "04973fa96e96579258a5091af6003abde64af786b860f18622b82e026cca60e6"
dependencies = [
 "cfg-if 0.1.10",
 "lazy_static",
]

[[package]]
name = "crossbeam-utils"
version = "0.7.2"
source = "registry+https://github.com/rust-lang/crates.io-index"
checksum = "c3c7c73a2d1e9fc0886a08b93e98eb643461230d5f1925e4036204d5f2e261a8"
dependencies = [
 "autocfg",
 "cfg-if 0.1.10",
 "lazy_static",
]

[[package]]
name = "either"
version = "1.5.3"
source = "registry+https://github.com/rust-lang/crates.io-index"
checksum = "bb1f6b1ce1c140482ea30ddd3335fc0024ac7ee112895426e0a629a6c20adfe3"

[[package]]
name = "fs2"
version = "0.4.3"
source = "registry+https://github.com/rust-lang/crates.io-index"
checksum = "9564fc758e15025b46aa6643b1b77d047d1a56a1aea6e01002ac0c7026876213"
dependencies = [
 "libc",
 "winapi",
]

[[package]]
name = "futures"
version = "0.1.29"
source = "registry+https://github.com/rust-lang/crates.io-index"
checksum = "1b980f2816d6ee8673b6517b52cb0e808a180efc92e5c19d02cdda79066703ef"

[[package]]
name = "fxhash"
version = "0.2.1"
source = "registry+https://github.com/rust-lang/crates.io-index"
checksum = "c31b6d751ae2c7f11320402d34e41349dd1016f8d5d45e48c4312bc8625af50c"
dependencies = [
 "byteorder",
]

[[package]]
name = "gimli"
version = "0.21.0"
source = "registry+https://github.com/rust-lang/crates.io-index"
checksum = "bcc8e0c9bce37868955864dbecd2b1ab2bdf967e6f28066d65aaac620444b65c"

[[package]]
name = "hashbrown"
version = "0.2.2"
source = "registry+https://github.com/rust-lang/crates.io-index"
checksum = "61e4900fa4e80b3d15c78a08ec8a08433246063fa7577e7b2c6426b3b21b1f79"
dependencies = [
 "serde",
]

[[package]]
name = "hashbrown"
version = "0.3.1"
source = "registry+https://github.com/rust-lang/crates.io-index"
checksum = "29fba9abe4742d586dfd0c06ae4f7e73a1c2d86b856933509b269d82cdf06e18"
dependencies = [
 "serde",
]

[[package]]
name = "hermit-abi"
version = "0.1.6"
source = "registry+https://github.com/rust-lang/crates.io-index"
checksum = "eff2656d88f158ce120947499e971d743c05dbcbed62e5bd2f38f1698bbc3772"
dependencies = [
 "libc",
]

[[package]]
name = "historian"
version = "4.0.3"
source = "registry+https://github.com/rust-lang/crates.io-index"
checksum = "f653416eb756b69642a1f1498817970fafe409998a849622c27cc5b1b7df989c"

[[package]]
name = "instant"
version = "0.1.6"
source = "registry+https://github.com/rust-lang/crates.io-index"
checksum = "5b141fdc7836c525d4d594027d318c84161ca17aaf8113ab1f81ab93ae897485"

[[package]]
name = "lazy_static"
version = "1.4.0"
source = "registry+https://github.com/rust-lang/crates.io-index"
checksum = "e2abad23fbc42b3700f2f279844dc832adb2b2eb069b2df918f455c4e18cc646"

[[package]]
name = "libc"
version = "0.2.76"
source = "registry+https://github.com/rust-lang/crates.io-index"
checksum = "755456fae044e6fa1ebbbd1b3e902ae19e73097ed4ed87bb79934a867c007bc3"

[[package]]
name = "lock_api"
version = "0.3.4"
source = "registry+https://github.com/rust-lang/crates.io-index"
checksum = "c4da24a77a3d8a6d4862d95f72e6fdb9c09a643ecdb402d754004a557f2bec75"
dependencies = [
 "scopeguard",
]

[[package]]
name = "lock_api"
version = "0.4.1"
source = "registry+https://github.com/rust-lang/crates.io-index"
checksum = "28247cc5a5be2f05fbcd76dd0cf2c7d3b5400cb978a28042abcd4fa0b3f8261c"
dependencies = [
 "scopeguard",
]

[[package]]
name = "log"
version = "0.4.8"
source = "registry+https://github.com/rust-lang/crates.io-index"
checksum = "14b6052be84e6b71ab17edffc2eeabf5c2c3ae1fdb464aae35ac50c67a44e1f7"
dependencies = [
 "cfg-if 0.1.10",
]

[[package]]
name = "maybe-uninit"
version = "2.0.0"
source = "registry+https://github.com/rust-lang/crates.io-index"
checksum = "60302e4db3a61da70c0cb7991976248362f30319e88850c487b9b95bbf059e00"

[[package]]
name = "memoffset"
version = "0.5.3"
source = "registry+https://github.com/rust-lang/crates.io-index"
checksum = "75189eb85871ea5c2e2c15abbdd541185f63b408415e5051f5cac122d8c774b9"
dependencies = [
 "rustc_version",
]

[[package]]
name = "miniz_oxide"
version = "0.3.7"
source = "registry+https://github.com/rust-lang/crates.io-index"
checksum = "791daaae1ed6889560f8c4359194f56648355540573244a5448a83ba1ecc7435"
dependencies = [
 "adler32",
]

[[package]]
name = "nodrop"
version = "0.1.14"
source = "registry+https://github.com/rust-lang/crates.io-index"
checksum = "72ef4a56884ca558e5ddb05a1d1e7e1bfd9a68d9ed024c21704cc98872dae1bb"

[[package]]
name = "num_cpus"
version = "1.12.0"
source = "registry+https://github.com/rust-lang/crates.io-index"
checksum = "46203554f085ff89c235cd12f7075f3233af9b11ed7c9e16dfe2560d03313ce6"
dependencies = [
 "hermit-abi",
 "libc",
]

[[package]]
name = "object"
version = "0.20.0"
source = "registry+https://github.com/rust-lang/crates.io-index"
checksum = "1ab52be62400ca80aa00285d25253d7f7c437b7375c4de678f5405d3afe82ca5"

[[package]]
name = "pagecache"
version = "0.16.2"
source = "registry+https://github.com/rust-lang/crates.io-index"
checksum = "c80a12ef8ed999e6fe36378ffab4b801904260d49f0389555cc844f2ebf5f7f1"
dependencies = [
 "bincode",
 "crc32fast",
 "crossbeam-epoch 0.7.2",
 "crossbeam-utils 0.6.6",
 "fs2",
 "futures",
 "fxhash",
 "hashbrown 0.2.2",
 "historian",
 "lazy_static",
 "libc",
 "log",
 "rayon",
 "serde",
]

[[package]]
name = "pagecache"
version = "0.17.0"
source = "registry+https://github.com/rust-lang/crates.io-index"
checksum = "74a701d13e2f3ee32a50be43321da8f712cf1e6e9ff0e2be66ab7f5c6598a16a"
dependencies = [
 "bincode",
 "crc32fast",
 "crossbeam-epoch 0.7.2",
 "crossbeam-utils 0.6.6",
 "fs2",
 "futures",
 "fxhash",
 "hashbrown 0.3.1",
 "historian",
 "lazy_static",
 "libc",
 "log",
 "rayon",
 "serde",
]

[[package]]
name = "pagecache"
version = "0.18.0"
source = "registry+https://github.com/rust-lang/crates.io-index"
checksum = "990fda699871cfa5107ecf1ed5c54cf3ba77df6c4cd345ee4a8e46fd289e9b37"
dependencies = [
 "bincode",
 "crc32fast",
 "crossbeam-channel",
 "crossbeam-epoch 0.7.2",
 "crossbeam-utils 0.6.6",
 "fs2",
 "fxhash",
 "historian",
 "libc",
 "log",
 "parking_lot 0.9.0",
 "serde",
]

[[package]]
name = "pagecache"
version = "0.19.4"
source = "registry+https://github.com/rust-lang/crates.io-index"
checksum = "3a3cb2f80e81d64e087e9de0dedd9d95c4360aae2822917d5e4994bf1b2e0070"
dependencies = [
 "bincode",
 "crc32fast",
 "crossbeam-channel",
 "crossbeam-epoch 0.7.2",
 "crossbeam-utils 0.6.6",
 "fs2",
 "fxhash",
 "libc",
 "log",
 "parking_lot 0.9.0",
 "serde",
]

[[package]]
name = "parking_lot"
version = "0.9.0"
source = "registry+https://github.com/rust-lang/crates.io-index"
checksum = "f842b1982eb6c2fe34036a4fbfb06dd185a3f5c8edfaacdf7d1ea10b07de6252"
dependencies = [
 "lock_api 0.3.4",
 "parking_lot_core 0.6.2",
 "rustc_version",
]

[[package]]
name = "parking_lot"
version = "0.10.2"
source = "registry+https://github.com/rust-lang/crates.io-index"
checksum = "d3a704eb390aafdc107b0e392f56a82b668e3a71366993b5340f5833fd62505e"
dependencies = [
 "lock_api 0.3.4",
 "parking_lot_core 0.7.2",
]

[[package]]
name = "parking_lot"
version = "0.11.0"
source = "registry+https://github.com/rust-lang/crates.io-index"
checksum = "a4893845fa2ca272e647da5d0e46660a314ead9c2fdd9a883aabc32e481a8733"
dependencies = [
 "instant",
 "lock_api 0.4.1",
 "parking_lot_core 0.8.0",
]

[[package]]
name = "parking_lot_core"
version = "0.6.2"
source = "registry+https://github.com/rust-lang/crates.io-index"
checksum = "b876b1b9e7ac6e1a74a6da34d25c42e17e8862aa409cbbbdcfc8d86c6f3bc62b"
dependencies = [
 "cfg-if 0.1.10",
 "cloudabi 0.0.3",
 "libc",
 "redox_syscall",
 "rustc_version",
 "smallvec 0.6.13",
 "winapi",
]

[[package]]
name = "parking_lot_core"
version = "0.7.2"
source = "registry+https://github.com/rust-lang/crates.io-index"
checksum = "d58c7c768d4ba344e3e8d72518ac13e259d7c7ade24167003b8488e10b6740a3"
dependencies = [
 "cfg-if 0.1.10",
 "cloudabi 0.0.3",
 "libc",
 "redox_syscall",
 "smallvec 1.4.2",
 "winapi",
]

[[package]]
name = "parking_lot_core"
version = "0.8.0"
source = "registry+https://github.com/rust-lang/crates.io-index"
checksum = "c361aa727dd08437f2f1447be8b59a33b0edd15e0fcee698f935613d9efbca9b"
dependencies = [
 "cfg-if 0.1.10",
 "cloudabi 0.1.0",
 "instant",
 "libc",
 "redox_syscall",
 "smallvec 1.4.2",
 "winapi",
]

[[package]]
name = "proc-macro2"
version = "1.0.8"
source = "registry+https://github.com/rust-lang/crates.io-index"
checksum = "3acb317c6ff86a4e579dfa00fc5e6cca91ecbb4e7eb2df0468805b674eb88548"
dependencies = [
 "unicode-xid",
]

[[package]]
name = "quote"
version = "1.0.2"
source = "registry+https://github.com/rust-lang/crates.io-index"
checksum = "053a8c8bcc71fcce321828dc897a98ab9760bef03a4fc36693c231e5b3216cfe"
dependencies = [
 "proc-macro2",
]

[[package]]
name = "rayon"
version = "1.3.0"
source = "registry+https://github.com/rust-lang/crates.io-index"
checksum = "db6ce3297f9c85e16621bb8cca38a06779ffc31bb8184e1be4bed2be4678a098"
dependencies = [
 "crossbeam-deque",
 "either",
 "rayon-core",
]

[[package]]
name = "rayon-core"
version = "1.7.0"
source = "registry+https://github.com/rust-lang/crates.io-index"
checksum = "08a89b46efaf957e52b18062fb2f4660f8b8a4dde1807ca002690868ef2c85a9"
dependencies = [
 "crossbeam-deque",
 "crossbeam-queue",
 "crossbeam-utils 0.7.2",
 "lazy_static",
 "num_cpus",
]

[[package]]
name = "redox_syscall"
version = "0.1.56"
source = "registry+https://github.com/rust-lang/crates.io-index"
checksum = "2439c63f3f6139d1b57529d16bc3b8bb855230c8efcc5d3a896c8bea7c3b1e84"

[[package]]
name = "rustc-demangle"
version = "0.1.16"
source = "registry+https://github.com/rust-lang/crates.io-index"
checksum = "4c691c0e608126e00913e33f0ccf3727d5fc84573623b8d65b2df340b5201783"

[[package]]
name = "rustc_version"
version = "0.2.3"
source = "registry+https://github.com/rust-lang/crates.io-index"
checksum = "138e3e0acb6c9fb258b19b67cb8abd63c00679d2851805ea151465464fe9030a"
dependencies = [
 "semver",
]

[[package]]
name = "scopeguard"
version = "1.1.0"
source = "registry+https://github.com/rust-lang/crates.io-index"
checksum = "d29ab0c6d3fc0ee92fe66e2d99f700eab17a8d57d1c1d3b748380fb20baa78cd"

[[package]]
name = "semver"
version = "0.9.0"
source = "registry+https://github.com/rust-lang/crates.io-index"
checksum = "1d7eb9ef2c18661902cc47e535f9bc51b78acd254da71d375c2f6720d9a40403"
dependencies = [
 "semver-parser",
]

[[package]]
name = "semver-parser"
version = "0.7.0"
source = "registry+https://github.com/rust-lang/crates.io-index"
checksum = "388a1df253eca08550bef6c72392cfe7c30914bf41df5269b68cbd6ff8f570a3"

[[package]]
name = "serde"
version = "1.0.104"
source = "registry+https://github.com/rust-lang/crates.io-index"
checksum = "414115f25f818d7dfccec8ee535d76949ae78584fc4f79a6f45a904bf8ab4449"
dependencies = [
 "serde_derive",
]

[[package]]
name = "serde_bytes"
version = "0.11.3"
source = "registry+https://github.com/rust-lang/crates.io-index"
checksum = "325a073952621257820e7a3469f55ba4726d8b28657e7e36653d1c36dc2c84ae"
dependencies = [
 "serde",
]

[[package]]
name = "serde_derive"
version = "1.0.104"
source = "registry+https://github.com/rust-lang/crates.io-index"
checksum = "128f9e303a5a29922045a830221b8f78ec74a5f544944f3d5984f8ec3895ef64"
dependencies = [
 "proc-macro2",
 "quote",
 "syn",
]

[[package]]
name = "sled"
version = "0.23.0"
source = "registry+https://github.com/rust-lang/crates.io-index"
checksum = "73a25c24d5f135b43b94e39f5722dbaf3923152e7fbc6dfa85cc800aeae09172"
dependencies = [
 "futures",
 "log",
 "pagecache 0.16.2",
 "serde",
 "serde_bytes",
]

[[package]]
name = "sled"
version = "0.24.1"
source = "registry+https://github.com/rust-lang/crates.io-index"
checksum = "0a780266d241e270e52cab0010e11aecfc6d52e33aa98e52eb9792023abd23aa"
dependencies = [
 "futures",
 "log",
 "pagecache 0.17.0",
 "serde",
 "serde_bytes",
]

[[package]]
name = "sled"
version = "0.25.0"
source = "registry+https://github.com/rust-lang/crates.io-index"
checksum = "79ce644ada8ff18b4cdd7a601a7b781b164016eef99d08a32a43160f7bfc1455"
dependencies = [
 "log",
 "pagecache 0.18.0",
 "parking_lot 0.9.0",
 "serde",
 "serde_bytes",
]

[[package]]
name = "sled"
version = "0.28.0"
source = "registry+https://github.com/rust-lang/crates.io-index"
checksum = "9c3d0ffdcb80d10203517641c514b205d89541b001149df43ae6e902bc19809d"
dependencies = [
 "log",
 "pagecache 0.19.4",
 "parking_lot 0.9.0",
 "serde",
 "serde_bytes",
]

[[package]]
name = "sled"
version = "0.29.2"
source = "registry+https://github.com/rust-lang/crates.io-index"
checksum = "d7c3453de0f6a77abdd17cc9f68d6650214abd088b052b13302f86fa9a5b286e"
dependencies = [
 "bincode",
 "crc32fast",
 "crossbeam-channel",
 "crossbeam-epoch 0.7.2",
 "crossbeam-utils 0.6.6",
 "fs2",
 "fxhash",
 "libc",
 "log",
 "parking_lot 0.9.0",
 "serde",
 "serde_bytes",
]

[[package]]
name = "sled"
version = "0.30.3"
source = "registry+https://github.com/rust-lang/crates.io-index"
checksum = "2eb8c32cb0e34e67ad74fae1a77f4635d0cc7ffc873088a0136f3c4849336d71"
dependencies = [
 "crc32fast",
 "crossbeam-epoch 0.8.2",
 "crossbeam-utils 0.7.2",
 "fs2",
 "fxhash",
 "libc",
 "log",
 "parking_lot 0.10.2",
]

[[package]]
name = "sled"
version = "0.31.0"
source = "registry+https://github.com/rust-lang/crates.io-index"
checksum = "8fb6824dde66ad33bf20c6e8476f5b82b871bc8bc3c129a10ea2f7dae5060fa3"
dependencies = [
 "crc32fast",
 "crossbeam-epoch 0.8.2",
 "crossbeam-utils 0.7.2",
 "fs2",
 "fxhash",
 "libc",
 "log",
 "parking_lot 0.10.2",
]

[[package]]
name = "sled"
version = "0.32.0"
source = "registry+https://github.com/rust-lang/crates.io-index"
checksum = "cdad3dc85d888056d3bd9954ffdf22d8a22701b6cd3aca4f6df4c436111898c4"
dependencies = [
 "backtrace",
 "crc32fast",
 "crossbeam-epoch 0.8.2",
 "crossbeam-utils 0.7.2",
 "fs2",
 "fxhash",
 "libc",
 "log",
 "parking_lot 0.10.2",
]

[[package]]
name = "sled"
version = "0.33.0"
source = "registry+https://github.com/rust-lang/crates.io-index"
checksum = "701fd6e07375a3ecff6f754e990862fc115e881f602b950518e18658005e262b"
dependencies = [
 "array-init",
 "crc32fast",
 "crossbeam-epoch 0.8.2",
 "crossbeam-utils 0.7.2",
 "fs2",
 "fxhash",
 "libc",
 "log",
 "parking_lot 0.11.0",
]

[[package]]
name = "sled"
version = "0.34.4"
source = "registry+https://github.com/rust-lang/crates.io-index"
checksum = "f72c064e63fbca3138ad07f3588c58093f1684f3a99f60dcfa6d46b87e60fde7"
dependencies = [
 "crc32fast",
 "crossbeam-epoch 0.8.2",
 "crossbeam-utils 0.7.2",
 "fs2",
 "fxhash",
 "libc",
 "log",
 "parking_lot 0.11.0",
]

[[package]]
name = "sled-migrate"
version = "0.1.0"
dependencies = [
 "clap",
 "crc32fast",
 "fs2",
 "sled 0.23.0",
 "sled 0.24.1",
 "sled 0.25.0",
 "sled 0.28.0",
 "sled 0.29.2",
 "sled 0.30.3",
 "sled 0.31.0",
 "sled 0.32.0",
 "sled 0.33.0",
 "sled 0.34.4",
]

[[package]]
name = "smallvec"
version = "0.6.13"
source = "registry+https://github.com/rust-lang/crates.io-index"
checksum = "f7b0758c52e15a8b5e3691eae6cc559f08eee9406e548a4477ba4e67770a82b6"
dependencies = [
 "maybe-uninit",
]

[[package]]
name = "smallvec"
version = "1.4.2"
source = "registry+https://github.com/rust-lang/crates.io-index"
checksum = "fbee7696b84bbf3d89a1c2eccff0850e3047ed46bfcd2e92c29a2d074d57e252"

[[package]]
name = "strsim"
version = "0.8.0"
source = "registry+https://github.com/rust-lang/crates.io-index"
checksum = "8ea5119cdb4c55b55d432abb513a0429384878c15dde60cc77b1c99de1a95a6a"

[[package]]
name = "syn"
version = "1.0.14"
source = "registry+https://github.com/rust-lang/crates.io-index"
checksum = "af6f3550d8dff9ef7dc34d384ac6f107e5d31c8f57d9f28e0081503f547ac8f5"
dependencies = [
 "proc-macro2",
 "quote",
 "unicode-xid",
]

[[package]]
name = "textwrap"
version = "0.11.0"
source = "registry+https://github.com/rust-lang/crates.io-index"
checksum = "d326610f408c7a4eb6f51c37c330e496b08506c9457c9d34287ecc38809fb060"
dependencies = [
 "unicode-width",
]

[[package]]
name = "unicode-width"
version = "0.1.7"
source = "registry+https://github.com/rust-lang/crates.io-index"
checksum = "caaa9d531767d1ff2150b9332433f32a24622147e5ebb1f26409d5da67afd479"

[[package]]
name = "unicode-xid"
version = "0.2.0"
source = "registry+https://github.com/rust-lang/crates.io-index"
checksum = "826e7639553986605ec5979c7dd957c7895e93eabed50ab2ffa7f6128a75097c"

[[package]]
name = "vec_map"
version = "0.8.1"
source = "registry+https://github.com/rust-lang/crates.io-index"
checksum = "05c78687fb1a80548ae3250346c3db86a80a7cdd77bda190189f2d0a0987c81a"

[[package]]
name = "winapi"
version = "0.3.8"
source = "registry+https://github.com/rust-lang/crates.io-index"
checksum = "8093091eeb260906a183e6ae1abdba2ef5ef2257a21801128899c3fc699229c6"
dependencies = [
 "winapi-i686-pc-windows-gnu",
 "winapi-x86_64-pc-windows-gnu",
]

[[package]]
name = "winapi-i686-pc-windows-gnu"
version = "0.4.0"
source = "registry+https://github.com/rust-lang/crates.io-index"
checksum = "ac3b87c63620426dd9b991e5ce0329eff545bccbbb34f3be09ff6fb6ab51b7b6"

[[package]]
name = "winapi-x86_64-pc-windows-gnu"
version = "0.4.0"
source = "registry+https://github.com/rust-lang/crates.io-index"
checksum = "712e227841d057c1ee1cd2fb22fa7e5a5461ae8e48fa2ca79ec42cfc1931183f"
